
Microsoft Visual Studio Solution File, Format Version 12.00
Project("{FAE04EC0-301F-11D3-BF4B-00C04F79EFBC}") = "DockerTest.Api", "DockerTest.Api\DockerTest.Api.csproj", "{28D7ABB2-7ADF-444F-9A7E-EA0EF09A50AD}"
EndProject
Global
	GlobalSection(SolutionConfigurationPlatforms) = preSolution
		Debug|Any CPU = Debug|Any CPU
		Release|Any CPU = Release|Any CPU
	EndGlobalSection
	GlobalSection(ProjectConfigurationPlatforms) = postSolution
		{28D7ABB2-7ADF-444F-9A7E-EA0EF09A50AD}.Debug|Any CPU.ActiveCfg = Debug|Any CPU
		{28D7ABB2-7ADF-444F-9A7E-EA0EF09A50AD}.Debug|Any CPU.Build.0 = Debug|Any CPU
		{28D7ABB2-7ADF-444F-9A7E-EA0EF09A50AD}.Release|Any CPU.ActiveCfg = Release|Any CPU
		{28D7ABB2-7ADF-444F-9A7E-EA0EF09A50AD}.Release|Any CPU.Build.0 = Release|Any CPU
	EndGlobalSection
EndGlobal
